
Microsoft Visual Studio Solution File, Format Version 12.00
# Visual Studio Version 16
VisualStudioVersion = 16.0.30114.105
MinimumVisualStudioVersion = 10.0.40219.1
Project("{FAE04EC0-301F-11D3-BF4B-00C04F79EFBC}") = "FitnesApp.BL", "FitnesAppBL\FitnesApp.BL.csproj", "{94F62C78-68D7-432E-894B-2F2C2AC5A5F9}"
EndProject
Project("{FAE04EC0-301F-11D3-BF4B-00C04F79EFBC}") = "FitnesApp.CMD", "FitnesApp.CMD\FitnesApp.CMD.csproj", "{0AAA214A-3368-4E9D-9558-1E45DFCB936B}"
EndProject
Project("{FAE04EC0-301F-11D3-BF4B-00C04F79EFBC}") = "FitnesApp.BLTests", "FitnesApp.BLTests\FitnesApp.BLTests.csproj", "{4E6DEBCA-E809-4073-9C7B-FBFE2703555A}"
EndProject
Project("{54435603-DBB4-11D2-8724-00A0C9A8B90C}") = "Setup1", "Setup1\Setup1.vdproj", "{974CE823-ACB5-4DCD-AF43-699425B1737A}"
EndProject
Global
	GlobalSection(SolutionConfigurationPlatforms) = preSolution
		Debug|Any CPU = Debug|Any CPU
		Release|Any CPU = Release|Any CPU
	EndGlobalSection
	GlobalSection(ProjectConfigurationPlatforms) = postSolution
		{94F62C78-68D7-432E-894B-2F2C2AC5A5F9}.Debug|Any CPU.ActiveCfg = Debug|Any CPU
		{94F62C78-68D7-432E-894B-2F2C2AC5A5F9}.Debug|Any CPU.Build.0 = Debug|Any CPU
		{94F62C78-68D7-432E-894B-2F2C2AC5A5F9}.Release|Any CPU.ActiveCfg = Release|Any CPU
		{94F62C78-68D7-432E-894B-2F2C2AC5A5F9}.Release|Any CPU.Build.0 = Release|Any CPU
		{0AAA214A-3368-4E9D-9558-1E45DFCB936B}.Debug|Any CPU.ActiveCfg = Debug|Any CPU
		{0AAA214A-3368-4E9D-9558-1E45DFCB936B}.Debug|Any CPU.Build.0 = Debug|Any CPU
		{0AAA214A-3368-4E9D-9558-1E45DFCB936B}.Release|Any CPU.ActiveCfg = Release|Any CPU
		{0AAA214A-3368-4E9D-9558-1E45DFCB936B}.Release|Any CPU.Build.0 = Release|Any CPU
		{4E6DEBCA-E809-4073-9C7B-FBFE2703555A}.Debug|Any CPU.ActiveCfg = Debug|Any CPU
		{4E6DEBCA-E809-4073-9C7B-FBFE2703555A}.Debug|Any CPU.Build.0 = Debug|Any CPU
		{4E6DEBCA-E809-4073-9C7B-FBFE2703555A}.Release|Any CPU.ActiveCfg = Release|Any CPU
		{4E6DEBCA-E809-4073-9C7B-FBFE2703555A}.Release|Any CPU.Build.0 = Release|Any CPU
		{974CE823-ACB5-4DCD-AF43-699425B1737A}.Debug|Any CPU.ActiveCfg = Debug
		{974CE823-ACB5-4DCD-AF43-699425B1737A}.Release|Any CPU.ActiveCfg = Release
	EndGlobalSection
	GlobalSection(SolutionProperties) = preSolution
		HideSolutionNode = FALSE
	EndGlobalSection
	GlobalSection(ExtensibilityGlobals) = postSolution
		SolutionGuid = {0F328261-76F7-4FFF-84B3-13ED24DC84AF}
	EndGlobalSection
EndGlobal
